
Microsoft Visual Studio Solution File, Format Version 12.00
# Visual Studio 14
VisualStudioVersion = 14.0.25420.1
MinimumVisualStudioVersion = 10.0.40219.1
Project("{FAE04EC0-301F-11D3-BF4B-00C04F79EFBC}") = "UserService.BLL", "UserService.BLL\UserService.BLL.csproj", "{3F41D652-7E18-401F-A7F6-B26FF2EE2180}"
EndProject
Project("{FAE04EC0-301F-11D3-BF4B-00C04F79EFBC}") = "UserService.DAL", "UserService.DAL\UserService.DAL.csproj", "{5A643E48-FE4B-49F0-B539-2E49EAF414F1}"
EndProject
Project("{FAE04EC0-301F-11D3-BF4B-00C04F79EFBC}") = "UserService.WEB", "UserService.WEB\UserService.WEB.csproj", "{B735D50A-5FD3-4859-A55E-9D73030EDDF2}"
EndProject
Project("{FAE04EC0-301F-11D3-BF4B-00C04F79EFBC}") = "UserService.Tests", "UserService.Tests\UserService.Tests.csproj", "{6925021F-5827-4635-8F28-7CE9859F297E}"
EndProject
Global
	GlobalSection(SolutionConfigurationPlatforms) = preSolution
		Debug|Any CPU = Debug|Any CPU
		Release|Any CPU = Release|Any CPU
	EndGlobalSection
	GlobalSection(ProjectConfigurationPlatforms) = postSolution
		{3F41D652-7E18-401F-A7F6-B26FF2EE2180}.Debug|Any CPU.ActiveCfg = Debug|Any CPU
		{3F41D652-7E18-401F-A7F6-B26FF2EE2180}.Debug|Any CPU.Build.0 = Debug|Any CPU
		{3F41D652-7E18-401F-A7F6-B26FF2EE2180}.Release|Any CPU.ActiveCfg = Release|Any CPU
		{3F41D652-7E18-401F-A7F6-B26FF2EE2180}.Release|Any CPU.Build.0 = Release|Any CPU
		{5A643E48-FE4B-49F0-B539-2E49EAF414F1}.Debug|Any CPU.ActiveCfg = Debug|Any CPU
		{5A643E48-FE4B-49F0-B539-2E49EAF414F1}.Debug|Any CPU.Build.0 = Debug|Any CPU
		{5A643E48-FE4B-49F0-B539-2E49EAF414F1}.Release|Any CPU.ActiveCfg = Release|Any CPU
		{5A643E48-FE4B-49F0-B539-2E49EAF414F1}.Release|Any CPU.Build.0 = Release|Any CPU
		{B735D50A-5FD3-4859-A55E-9D73030EDDF2}.Debug|Any CPU.ActiveCfg = Debug|Any CPU
		{B735D50A-5FD3-4859-A55E-9D73030EDDF2}.Debug|Any CPU.Build.0 = Debug|Any CPU
		{B735D50A-5FD3-4859-A55E-9D73030EDDF2}.Release|Any CPU.ActiveCfg = Release|Any CPU
		{B735D50A-5FD3-4859-A55E-9D73030EDDF2}.Release|Any CPU.Build.0 = Release|Any CPU
		{6925021F-5827-4635-8F28-7CE9859F297E}.Debug|Any CPU.ActiveCfg = Debug|Any CPU
		{6925021F-5827-4635-8F28-7CE9859F297E}.Debug|Any CPU.Build.0 = Debug|Any CPU
		{6925021F-5827-4635-8F28-7CE9859F297E}.Release|Any CPU.ActiveCfg = Release|Any CPU
		{6925021F-5827-4635-8F28-7CE9859F297E}.Release|Any CPU.Build.0 = Release|Any CPU
	EndGlobalSection
	GlobalSection(SolutionProperties) = preSolution
		HideSolutionNode = FALSE
	EndGlobalSection
EndGlobal
